
Microsoft Visual Studio Solution File, Format Version 12.00
# Visual Studio 14
VisualStudioVersion = 14.0.25123.0
MinimumVisualStudioVersion = 10.0.40219.1
Project("{78A39B69-264A-4DAA-B2FD-6B0416505715}") = "Sitecore.Support.126747", "Sitecore.Support.126747\Sitecore.Support.126747.csproj", "{DCC5F6EF-5897-450D-A320-FEAF890173BA}"
EndProject
Global
	GlobalSection(SolutionConfigurationPlatforms) = preSolution
		Debug|Any CPU = Debug|Any CPU
		Release|Any CPU = Release|Any CPU
	EndGlobalSection
	GlobalSection(ProjectConfigurationPlatforms) = postSolution
		{DCC5F6EF-5897-450D-A320-FEAF890173BA}.Debug|Any CPU.ActiveCfg = Debug|Any CPU
		{DCC5F6EF-5897-450D-A320-FEAF890173BA}.Debug|Any CPU.Build.0 = Debug|Any CPU
		{DCC5F6EF-5897-450D-A320-FEAF890173BA}.Release|Any CPU.ActiveCfg = Release|Any CPU
		{DCC5F6EF-5897-450D-A320-FEAF890173BA}.Release|Any CPU.Build.0 = Release|Any CPU
	EndGlobalSection
	GlobalSection(SolutionProperties) = preSolution
		HideSolutionNode = FALSE
	EndGlobalSection
EndGlobal
